
Microsoft Visual Studio Solution File, Format Version 12.00
# Visual Studio Version 17
VisualStudioVersion = 17.4.33205.214
MinimumVisualStudioVersion = 10.0.40219.1
Project("{FAE04EC0-301F-11D3-BF4B-00C04F79EFBC}") = "Roshambo.Core", "Roshambo.Core\Roshambo.Core.csproj", "{FFBC064D-1C2F-47A2-8F2B-3B1C1E1E6A09}"
EndProject
Project("{FAE04EC0-301F-11D3-BF4B-00C04F79EFBC}") = "Roshambo.Api", "Roshambo.Api\Roshambo.Api.csproj", "{E3A2798B-335D-4F23-A3F5-80309A911D28}"
EndProject
Project("{FAE04EC0-301F-11D3-BF4B-00C04F79EFBC}") = "Roshambo.Infrastructure", "Roshambo.Infrastructure\Roshambo.Infrastructure.csproj", "{F953128C-C34C-4CED-8E38-3F4C3876CE74}"
EndProject
Global
	GlobalSection(SolutionConfigurationPlatforms) = preSolution
		Debug|Any CPU = Debug|Any CPU
		Release|Any CPU = Release|Any CPU
	EndGlobalSection
	GlobalSection(ProjectConfigurationPlatforms) = postSolution
		{FFBC064D-1C2F-47A2-8F2B-3B1C1E1E6A09}.Debug|Any CPU.ActiveCfg = Debug|Any CPU
		{FFBC064D-1C2F-47A2-8F2B-3B1C1E1E6A09}.Debug|Any CPU.Build.0 = Debug|Any CPU
		{FFBC064D-1C2F-47A2-8F2B-3B1C1E1E6A09}.Release|Any CPU.ActiveCfg = Release|Any CPU
		{FFBC064D-1C2F-47A2-8F2B-3B1C1E1E6A09}.Release|Any CPU.Build.0 = Release|Any CPU
		{E3A2798B-335D-4F23-A3F5-80309A911D28}.Debug|Any CPU.ActiveCfg = Debug|Any CPU
		{E3A2798B-335D-4F23-A3F5-80309A911D28}.Debug|Any CPU.Build.0 = Debug|Any CPU
		{E3A2798B-335D-4F23-A3F5-80309A911D28}.Release|Any CPU.ActiveCfg = Release|Any CPU
		{E3A2798B-335D-4F23-A3F5-80309A911D28}.Release|Any CPU.Build.0 = Release|Any CPU
		{F953128C-C34C-4CED-8E38-3F4C3876CE74}.Debug|Any CPU.ActiveCfg = Debug|Any CPU
		{F953128C-C34C-4CED-8E38-3F4C3876CE74}.Debug|Any CPU.Build.0 = Debug|Any CPU
		{F953128C-C34C-4CED-8E38-3F4C3876CE74}.Release|Any CPU.ActiveCfg = Release|Any CPU
		{F953128C-C34C-4CED-8E38-3F4C3876CE74}.Release|Any CPU.Build.0 = Release|Any CPU
	EndGlobalSection
	GlobalSection(SolutionProperties) = preSolution
		HideSolutionNode = FALSE
	EndGlobalSection
	GlobalSection(ExtensibilityGlobals) = postSolution
		SolutionGuid = {D55626BF-F9EA-4C1E-B43F-816296EA815D}
	EndGlobalSection
EndGlobal
